
Microsoft Visual Studio Solution File, Format Version 12.00
# Visual Studio Version 17
VisualStudioVersion = 17.5.002.0
MinimumVisualStudioVersion = 10.0.40219.1
Project("{9A19103F-16F7-4668-BE54-9A1E7A4F7556}") = "client", "client\client.csproj", "{51C6E083-E364-41DA-90EE-13D602C305D7}"
EndProject
Project("{9A19103F-16F7-4668-BE54-9A1E7A4F7556}") = "server", "server\server.csproj", "{B0063ABE-7910-4F59-9494-6B30D93E01B0}"
EndProject
Global
	GlobalSection(SolutionConfigurationPlatforms) = preSolution
		Debug|Any CPU = Debug|Any CPU
		Release|Any CPU = Release|Any CPU
	EndGlobalSection
	GlobalSection(ProjectConfigurationPlatforms) = postSolution
		{51C6E083-E364-41DA-90EE-13D602C305D7}.Debug|Any CPU.ActiveCfg = Debug|Any CPU
		{51C6E083-E364-41DA-90EE-13D602C305D7}.Debug|Any CPU.Build.0 = Debug|Any CPU
		{51C6E083-E364-41DA-90EE-13D602C305D7}.Release|Any CPU.ActiveCfg = Release|Any CPU
		{51C6E083-E364-41DA-90EE-13D602C305D7}.Release|Any CPU.Build.0 = Release|Any CPU
		{B0063ABE-7910-4F59-9494-6B30D93E01B0}.Debug|Any CPU.ActiveCfg = Debug|Any CPU
		{B0063ABE-7910-4F59-9494-6B30D93E01B0}.Debug|Any CPU.Build.0 = Debug|Any CPU
		{B0063ABE-7910-4F59-9494-6B30D93E01B0}.Release|Any CPU.ActiveCfg = Release|Any CPU
		{B0063ABE-7910-4F59-9494-6B30D93E01B0}.Release|Any CPU.Build.0 = Release|Any CPU
	EndGlobalSection
	GlobalSection(SolutionProperties) = preSolution
		HideSolutionNode = FALSE
	EndGlobalSection
	GlobalSection(ExtensibilityGlobals) = postSolution
		SolutionGuid = {F6E8EBCE-9E8A-40D9-B69B-2EAEAE9241E5}
	EndGlobalSection
EndGlobal
